
Microsoft Visual Studio Solution File, Format Version 12.00
# Visual Studio 15
VisualStudioVersion = 15.0.27428.2037
MinimumVisualStudioVersion = 10.0.40219.1
Project("{FAE04EC0-301F-11D3-BF4B-00C04F79EFBC}") = "OutsideInDevelopment", "OutsideInDevelopment\OutsideInDevelopment.csproj", "{B1A0382B-3A83-4A3C-B9F5-06D8A2F146EE}"
EndProject
Global
	GlobalSection(SolutionConfigurationPlatforms) = preSolution
		Debug|Any CPU = Debug|Any CPU
		Release|Any CPU = Release|Any CPU
	EndGlobalSection
	GlobalSection(ProjectConfigurationPlatforms) = postSolution
		{B1A0382B-3A83-4A3C-B9F5-06D8A2F146EE}.Debug|Any CPU.ActiveCfg = Debug|Any CPU
		{B1A0382B-3A83-4A3C-B9F5-06D8A2F146EE}.Debug|Any CPU.Build.0 = Debug|Any CPU
		{B1A0382B-3A83-4A3C-B9F5-06D8A2F146EE}.Release|Any CPU.ActiveCfg = Release|Any CPU
		{B1A0382B-3A83-4A3C-B9F5-06D8A2F146EE}.Release|Any CPU.Build.0 = Release|Any CPU
	EndGlobalSection
	GlobalSection(SolutionProperties) = preSolution
		HideSolutionNode = FALSE
	EndGlobalSection
	GlobalSection(ExtensibilityGlobals) = postSolution
		SolutionGuid = {D19E37B2-202B-4D32-94B3-F16CFF92B14A}
	EndGlobalSection
EndGlobal
